// !$*UTF8*$!
{
	archiveVersion = 1;
	classes = {
	};
	objectVersion = 46;
	objects = {

/* Begin PBXBuildFile section */
		BC181C83171BF4620044FC0C /* UIKit.framework in Frameworks */ = {isa = PBXBuildFile; fileRef = BC181C82171BF4620044FC0C /* UIKit.framework */; };
		BC181C85171BF4620044FC0C /* Foundation.framework in Frameworks */ = {isa = PBXBuildFile; fileRef = BC181C84171BF4620044FC0C /* Foundation.framework */; };
		BC181C87171BF4620044FC0C /* CoreGraphics.framework in Frameworks */ = {isa = PBXBuildFile; fileRef = BC181C86171BF4620044FC0C /* CoreGraphics.framework */; };
		BC181C8D171BF4620044FC0C /* InfoPlist.strings in Resources */ = {isa = PBXBuildFile; fileRef = BC181C8B171BF4620044FC0C /* InfoPlist.strings */; };
		BC181C8F171BF4620044FC0C /* main.m in Sources */ = {isa = PBXBuildFile; fileRef = BC181C8E171BF4620044FC0C /* main.m */; };
		BC181C93171BF4620044FC0C /* LineGameAppDelegate.m in Sources */ = {isa = PBXBuildFile; fileRef = BC181C92171BF4620044FC0C /* LineGameAppDelegate.m */; };
		BC181C95171BF4620044FC0C /* Default.png in Resources */ = {isa = PBXBuildFile; fileRef = BC181C94171BF4620044FC0C /* Default.png */; };
		BC181C97171BF4620044FC0C /* Default@2x.png in Resources */ = {isa = PBXBuildFile; fileRef = BC181C96171BF4620044FC0C /* Default@2x.png */; };
		BC181C99171BF4620044FC0C /* Default-568h@2x.png in Resources */ = {isa = PBXBuildFile; fileRef = BC181C98171BF4620044FC0C /* Default-568h@2x.png */; };
		BC181C9C171BF4620044FC0C /* MainStoryboard.storyboard in Resources */ = {isa = PBXBuildFile; fileRef = BC181C9A171BF4620044FC0C /* MainStoryboard.storyboard */; };
		BC181C9F171BF4620044FC0C /* LineGameViewController.m in Sources */ = {isa = PBXBuildFile; fileRef = BC181C9E171BF4620044FC0C /* LineGameViewController.m */; };
		BC181CA8171BF5190044FC0C /* GameState.m in Sources */ = {isa = PBXBuildFile; fileRef = BC181CA7171BF5190044FC0C /* GameState.m */; };
		BC181CAB171BF56B0044FC0C /* GameMove.m in Sources */ = {isa = PBXBuildFile; fileRef = BC181CAA171BF56B0044FC0C /* GameMove.m */; };
/* End PBXBuildFile section */

/* Begin PBXFileReference section */
		BC181C7F171BF4620044FC0C /* LineGame.app */ = {isa = PBXFileReference; explicitFileType = wrapper.application; includeInIndex = 0; path = LineGame.app; sourceTree = BUILT_PRODUCTS_DIR; };
		BC181C82171BF4620044FC0C /* UIKit.framework */ = {isa = PBXFileReference; lastKnownFileType = wrapper.framework; name = UIKit.framework; path = System/Library/Frameworks/UIKit.framework; sourceTree = SDKROOT; };
		BC181C84171BF4620044FC0C /* Foundation.framework */ = {isa = PBXFileReference; lastKnownFileType = wrapper.framework; name = Foundation.framework; path = System/Library/Frameworks/Foundation.framework; sourceTree = SDKROOT; };
		BC181C86171BF4620044FC0C /* CoreGraphics.framework */ = {isa = PBXFileReference; lastKnownFileType = wrapper.framework; name = CoreGraphics.framework; path = System/Library/Frameworks/CoreGraphics.framework; sourceTree = SDKROOT; };
		BC181C8A171BF4620044FC0C /* LineGame-Info.plist */ = {isa = PBXFileReference; lastKnownFileType = text.plist.xml; path = "LineGame-Info.plist"; sourceTree = "<group>"; };
		BC181C8C171BF4620044FC0C /* en */ = {isa = PBXFileReference; lastKnownFileType = text.plist.strings; name = en; path = en.lproj/InfoPlist.strings; sourceTree = "<group>"; };
		BC181C8E171BF4620044FC0C /* main.m */ = {isa = PBXFileReference; lastKnownFileType = sourcecode.c.objc; path = main.m; sourceTree = "<group>"; };
		BC181C90171BF4620044FC0C /* LineGame-Prefix.pch */ = {isa = PBXFileReference; lastKnownFileType = sourcecode.c.h; path = "LineGame-Prefix.pch"; sourceTree = "<group>"; };
		BC181C91171BF4620044FC0C /* LineGameAppDelegate.h */ = {isa = PBXFileReference; lastKnownFileType = sourcecode.c.h; path = LineGameAppDelegate.h; sourceTree = "<group>"; };
		BC181C92171BF4620044FC0C /* LineGameAppDelegate.m */ = {isa = PBXFileReference; lastKnownFileType = sourcecode.c.objc; path = LineGameAppDelegate.m; sourceTree = "<group>"; };
		BC181C94171BF4620044FC0C /* Default.png */ = {isa = PBXFileReference; lastKnownFileType = image.png; path = Default.png; sourceTree = "<group>"; };
		BC181C96171BF4620044FC0C /* Default@2x.png */ = {isa = PBXFileReference; lastKnownFileType = image.png; path = "Default@2x.png"; sourceTree = "<group>"; };
		BC181C98171BF4620044FC0C /* Default-568h@2x.png */ = {isa = PBXFileReference; lastKnownFileType = image.png; path = "Default-568h@2x.png"; sourceTree = "<group>"; };
		BC181C9B171BF4620044FC0C /* en */ = {isa = PBXFileReference; lastKnownFileType = file.storyboard; name = en; path = en.lproj/MainStoryboard.storyboard; sourceTree = "<group>"; };
		BC181C9D171BF4620044FC0C /* LineGameViewController.h */ = {isa = PBXFileReference; lastKnownFileType = sourcecode.c.h; path = LineGameViewController.h; sourceTree = "<group>"; };
		BC181C9E171BF4620044FC0C /* LineGameViewController.m */ = {isa = PBXFileReference; lastKnownFileType = sourcecode.c.objc; path = LineGameViewController.m; sourceTree = "<group>"; };
		BC181CA6171BF5190044FC0C /* GameState.h */ = {isa = PBXFileReference; fileEncoding = 4; lastKnownFileType = sourcecode.c.h; path = GameState.h; sourceTree = "<group>"; };
		BC181CA7171BF5190044FC0C /* GameState.m */ = {isa = PBXFileReference; fileEncoding = 4; lastKnownFileType = sourcecode.c.objc; path = GameState.m; sourceTree = "<group>"; };
		BC181CA9171BF56B0044FC0C /* GameMove.h */ = {isa = PBXFileReference; fileEncoding = 4; lastKnownFileType = sourcecode.c.h; path = GameMove.h; sourceTree = "<group>"; };
		BC181CAA171BF56B0044FC0C /* GameMove.m */ = {isa = PBXFileReference; fileEncoding = 4; lastKnownFileType = sourcecode.c.objc; path = GameMove.m; sourceTree = "<group>"; };
/* End PBXFileReference section */

/* Begin PBXFrameworksBuildPhase section */
		BC181C7C171BF4620044FC0C /* Frameworks */ = {
			isa = PBXFrameworksBuildPhase;
			buildActionMask = 2147483647;
			files = (
				BC181C83171BF4620044FC0C /* UIKit.framework in Frameworks */,
				BC181C85171BF4620044FC0C /* Foundation.framework in Frameworks */,
				BC181C87171BF4620044FC0C /* CoreGraphics.framework in Frameworks */,
			);
			runOnlyForDeploymentPostprocessing = 0;
		};
/* End PBXFrameworksBuildPhase section */

/* Begin PBXGroup section */
		BC181C76171BF4620044FC0C = {
			isa = PBXGroup;
			children = (
				BC181C88171BF4620044FC0C /* LineGame */,
				BC181C81171BF4620044FC0C /* Frameworks */,
				BC181C80171BF4620044FC0C /* Products */,
			);
			sourceTree = "<group>";
		};
		BC181C80171BF4620044FC0C /* Products */ = {
			isa = PBXGroup;
			children = (
				BC181C7F171BF4620044FC0C /* LineGame.app */,
			);
			name = Products;
			sourceTree = "<group>";
		};
		BC181C81171BF4620044FC0C /* Frameworks */ = {
			isa = PBXGroup;
			children = (
				BC181C82171BF4620044FC0C /* UIKit.framework */,
				BC181C84171BF4620044FC0C /* Foundation.framework */,
				BC181C86171BF4620044FC0C /* CoreGraphics.framework */,
			);
			name = Frameworks;
			sourceTree = "<group>";
		};
		BC181C88171BF4620044FC0C /* LineGame */ = {
			isa = PBXGroup;
			children = (
				BC181CA5171BF4E10044FC0C /* Model */,
				BC181C91171BF4620044FC0C /* LineGameAppDelegate.h */,
				BC181C92171BF4620044FC0C /* LineGameAppDelegate.m */,
				BC181C9A171BF4620044FC0C /* MainStoryboard.storyboard */,
				BC181C9D171BF4620044FC0C /* LineGameViewController.h */,
				BC181C9E171BF4620044FC0C /* LineGameViewController.m */,
				BC181C89171BF4620044FC0C /* Supporting Files */,
			);
			path = LineGame;
			sourceTree = "<group>";
		};
		BC181C89171BF4620044FC0C /* Supporting Files */ = {
			isa = PBXGroup;
			children = (
				BC181C8A171BF4620044FC0C /* LineGame-Info.plist */,
				BC181C8B171BF4620044FC0C /* InfoPlist.strings */,
				BC181C8E171BF4620044FC0C /* main.m */,
				BC181C90171BF4620044FC0C /* LineGame-Prefix.pch */,
				BC181C94171BF4620044FC0C /* Default.png */,
				BC181C96171BF4620044FC0C /* Default@2x.png */,
				BC181C98171BF4620044FC0C /* Default-568h@2x.png */,
			);
			name = "Supporting Files";
			sourceTree = "<group>";
		};
		BC181CA5171BF4E10044FC0C /* Model */ = {
			isa = PBXGroup;
			children = (
				BC181CA6171BF5190044FC0C /* GameState.h */,
				BC181CA7171BF5190044FC0C /* GameState.m */,
				BC181CA9171BF56B0044FC0C /* GameMove.h */,
				BC181CAA171BF56B0044FC0C /* GameMove.m */,
			);
			name = Model;
			sourceTree = "<group>";
		};
/* End PBXGroup section */

/* Begin PBXNativeTarget section */
		BC181C7E171BF4620044FC0C /* LineGame */ = {
			isa = PBXNativeTarget;
			buildConfigurationList = BC181CA2171BF4620044FC0C /* Build configuration list for PBXNativeTarget "LineGame" */;
			buildPhases = (
				BC181C7B171BF4620044FC0C /* Sources */,
				BC181C7C171BF4620044FC0C /* Frameworks */,
				BC181C7D171BF4620044FC0C /* Resources */,
			);
			buildRules = (
			);
			dependencies = (
			);
			name = LineGame;
			productName = LineGame;
			productReference = BC181C7F171BF4620044FC0C /* LineGame.app */;
			productType = "com.apple.product-type.application";
		};
/* End PBXNativeTarget section */

/* Begin PBXProject section */
		BC181C77171BF4620044FC0C /* Project object */ = {
			isa = PBXProject;
			attributes = {
				CLASSPREFIX = LineGame;
				LastUpgradeCheck = 0460;
				ORGANIZATIONNAME = "Milan Justel";
			};
			buildConfigurationList = BC181C7A171BF4620044FC0C /* Build configuration list for PBXProject "LineGame" */;
			compatibilityVersion = "Xcode 3.2";
			developmentRegion = English;
			hasScannedForEncodings = 0;
			knownRegions = (
				en,
			);
			mainGroup = BC181C76171BF4620044FC0C;
			productRefGroup = BC181C80171BF4620044FC0C /* Products */;
			projectDirPath = "";
			projectRoot = "";
			targets = (
				BC181C7E171BF4620044FC0C /* LineGame */,
			);
		};
/* End PBXProject section */

/* Begin PBXResourcesBuildPhase section */
		BC181C7D171BF4620044FC0C /* Resources */ = {
			isa = PBXResourcesBuildPhase;
			buildActionMask = 2147483647;
			files = (
				BC181C8D171BF4620044FC0C /* InfoPlist.strings in Resources */,
				BC181C95171BF4620044FC0C /* Default.png in Resources */,
				BC181C97171BF4620044FC0C /* Default@2x.png in Resources */,
				BC181C99171BF4620044FC0C /* Default-568h@2x.png in Resources */,
				BC181C9C171BF4620044FC0C /* MainStoryboard.storyboard in Resources */,
			);
			runOnlyForDeploymentPostprocessing = 0;
		};
/* End PBXResourcesBuildPhase section */

/* Begin PBXSourcesBuildPhase section */
		BC181C7B171BF4620044FC0C /* Sources */ = {
			isa = PBXSourcesBuildPhase;
			buildActionMask = 2147483647;
			files = (
				BC181C8F171BF4620044FC0C /* main.m in Sources */,
				BC181C93171BF4620044FC0C /* LineGameAppDelegate.m in Sources */,
				BC181C9F171BF4620044FC0C /* LineGameViewController.m in Sources */,
				BC181CA8171BF5190044FC0C /* GameState.m in Sources */,
				BC181CAB171BF56B0044FC0C /* GameMove.m in Sources */,
			);
			runOnlyForDeploymentPostprocessing = 0;
		};
/* End PBXSourcesBuildPhase section */

/* Begin PBXVariantGroup section */
		BC181C8B171BF4620044FC0C /* InfoPlist.strings */ = {
			isa = PBXVariantGroup;
			children = (
				BC181C8C171BF4620044FC0C /* en */,
			);
			name = InfoPlist.strings;
			sourceTree = "<group>";
		};
		BC181C9A171BF4620044FC0C /* MainStoryboard.storyboard */ = {
			isa = PBXVariantGroup;
			children = (
				BC181C9B171BF4620044FC0C /* en */,
			);
			name = MainStoryboard.storyboard;
			sourceTree = "<group>";
		};
/* End PBXVariantGroup section */

/* Begin XCBuildConfiguration section */
		BC181CA0171BF4620044FC0C /* Debug */ = {
			isa = XCBuildConfiguration;
			buildSettings = {
				ALWAYS_SEARCH_USER_PATHS = NO;
				CLANG_CXX_LANGUAGE_STANDARD = "gnu++0x";
				CLANG_CXX_LIBRARY = "libc++";
				CLANG_ENABLE_OBJC_ARC = YES;
				CLANG_WARN_CONSTANT_CONVERSION = YES;
				CLANG_WARN_EMPTY_BODY = YES;
				CLANG_WARN_ENUM_CONVERSION = YES;
				CLANG_WARN_INT_CONVERSION = YES;
				CLANG_WARN__DUPLICATE_METHOD_MATCH = YES;
				"CODE_SIGN_IDENTITY[sdk=iphoneos*]" = "iPhone Developer";
				COPY_PHASE_STRIP = NO;
				GCC_C_LANGUAGE_STANDARD = gnu99;
				GCC_DYNAMIC_NO_PIC = NO;
				GCC_OPTIMIZATION_LEVEL = 0;
				GCC_PREPROCESSOR_DEFINITIONS = (
					"DEBUG=1",
					"$(inherited)",
				);
				GCC_SYMBOLS_PRIVATE_EXTERN = NO;
				GCC_WARN_ABOUT_RETURN_TYPE = YES;
				GCC_WARN_UNINITIALIZED_AUTOS = YES;
				GCC_WARN_UNUSED_VARIABLE = YES;
				IPHONEOS_DEPLOYMENT_TARGET = 6.1;
				ONLY_ACTIVE_ARCH = YES;
				SDKROOT = iphoneos;
			};
			name = Debug;
		};
		BC181CA1171BF4620044FC0C /* Release */ = {
			isa = XCBuildConfiguration;
			buildSettings = {
				ALWAYS_SEARCH_USER_PATHS = NO;
				CLANG_CXX_LANGUAGE_STANDARD = "gnu++0x";
				CLANG_CXX_LIBRARY = "libc++";
				CLANG_ENABLE_OBJC_ARC = YES;
				CLANG_WARN_CONSTANT_CONVERSION = YES;
				CLANG_WARN_EMPTY_BODY = YES;
				CLANG_WARN_ENUM_CONVERSION = YES;
				CLANG_WARN_INT_CONVERSION = YES;
				CLANG_WARN__DUPLICATE_METHOD_MATCH = YES;
				"CODE_SIGN_IDENTITY[sdk=iphoneos*]" = "iPhone Developer";
				COPY_PHASE_STRIP = YES;
				GCC_C_LANGUAGE_STANDARD = gnu99;
				GCC_WARN_ABOUT_RETURN_TYPE = YES;
				GCC_WARN_UNINITIALIZED_AUTOS = YES;
				GCC_WARN_UNUSED_VARIABLE = YES;
				IPHONEOS_DEPLOYMENT_TARGET = 6.1;
				OTHER_CFLAGS = "-DNS_BLOCK_ASSERTIONS=1";
				SDKROOT = iphoneos;
				VALIDATE_PRODUCT = YES;
			};
			name = Release;
		};
		BC181CA3171BF4620044FC0C /* Debug */ = {
			isa = XCBuildConfiguration;
			buildSettings = {
				GCC_PRECOMPILE_PREFIX_HEADER = YES;
				GCC_PREFIX_HEADER = "LineGame/LineGame-Prefix.pch";
				INFOPLIST_FILE = "LineGame/LineGame-Info.plist";
				PRODUCT_NAME = "$(TARGET_NAME)";
				WRAPPER_EXTENSION = app;
			};
			name = Debug;
		};
		BC181CA4171BF4620044FC0C /* Release */ = {
			isa = XCBuildConfiguration;
			buildSettings = {
				GCC_PRECOMPILE_PREFIX_HEADER = YES;
				GCC_PREFIX_HEADER = "LineGame/LineGame-Prefix.pch";
				INFOPLIST_FILE = "LineGame/LineGame-Info.plist";
				PRODUCT_NAME = "$(TARGET_NAME)";
				WRAPPER_EXTENSION = app;
			};
			name = Release;
		};
/* End XCBuildConfiguration section */

/* Begin XCConfigurationList section */
		BC181C7A171BF4620044FC0C /* Build configuration list for PBXProject "LineGame" */ = {
			isa = XCConfigurationList;
			buildConfigurations = (
				BC181CA0171BF4620044FC0C /* Debug */,
				BC181CA1171BF4620044FC0C /* Release */,
			);
			defaultConfigurationIsVisible = 0;
			defaultConfigurationName = Release;
		};
		BC181CA2171BF4620044FC0C /* Build configuration list for PBXNativeTarget "LineGame" */ = {
			isa = XCConfigurationList;
			buildConfigurations = (
				BC181CA3171BF4620044FC0C /* Debug */,
				BC181CA4171BF4620044FC0C /* Release */,
			);
			defaultConfigurationIsVisible = 0;
		};
/* End XCConfigurationList section */
	};
	rootObject = BC181C77171BF4620044FC0C /* Project object */;
}
